
Microsoft Visual Studio Solution File, Format Version 12.00
# Visual Studio Version 16
VisualStudioVersion = 16.0.30225.117
MinimumVisualStudioVersion = 10.0.40219.1
Project("{FAE04EC0-301F-11D3-BF4B-00C04F79EFBC}") = "Memcached.Mimic", "Memcached.Mimic\Memcached.Mimic.csproj", "{08EFC89B-1208-4B53-BB1D-D3D0BCE85DAB}"
EndProject
Project("{FAE04EC0-301F-11D3-BF4B-00C04F79EFBC}") = "Client", "Client\Client.csproj", "{EE0AE2EF-F3AD-46BB-B9F4-90CE514C72BB}"
EndProject
Project("{FAE04EC0-301F-11D3-BF4B-00C04F79EFBC}") = "Server", "Server\Server.csproj", "{D0DBD8E5-00FC-4275-A4A5-F92DFFBA9C3B}"
EndProject
Project("{FAE04EC0-301F-11D3-BF4B-00C04F79EFBC}") = "Memcached.Mimic.Tests", "Memcached.Mimic.Tests\Memcached.Mimic.Tests.csproj", "{A87CEAF3-9A56-4544-90AE-062EEFA78489}"
EndProject
Global
	GlobalSection(SolutionConfigurationPlatforms) = preSolution
		Debug|Any CPU = Debug|Any CPU
		Release|Any CPU = Release|Any CPU
	EndGlobalSection
	GlobalSection(ProjectConfigurationPlatforms) = postSolution
		{08EFC89B-1208-4B53-BB1D-D3D0BCE85DAB}.Debug|Any CPU.ActiveCfg = Debug|Any CPU
		{08EFC89B-1208-4B53-BB1D-D3D0BCE85DAB}.Debug|Any CPU.Build.0 = Debug|Any CPU
		{08EFC89B-1208-4B53-BB1D-D3D0BCE85DAB}.Release|Any CPU.ActiveCfg = Release|Any CPU
		{08EFC89B-1208-4B53-BB1D-D3D0BCE85DAB}.Release|Any CPU.Build.0 = Release|Any CPU
		{EE0AE2EF-F3AD-46BB-B9F4-90CE514C72BB}.Debug|Any CPU.ActiveCfg = Debug|Any CPU
		{EE0AE2EF-F3AD-46BB-B9F4-90CE514C72BB}.Debug|Any CPU.Build.0 = Debug|Any CPU
		{EE0AE2EF-F3AD-46BB-B9F4-90CE514C72BB}.Release|Any CPU.ActiveCfg = Release|Any CPU
		{EE0AE2EF-F3AD-46BB-B9F4-90CE514C72BB}.Release|Any CPU.Build.0 = Release|Any CPU
		{D0DBD8E5-00FC-4275-A4A5-F92DFFBA9C3B}.Debug|Any CPU.ActiveCfg = Debug|Any CPU
		{D0DBD8E5-00FC-4275-A4A5-F92DFFBA9C3B}.Debug|Any CPU.Build.0 = Debug|Any CPU
		{D0DBD8E5-00FC-4275-A4A5-F92DFFBA9C3B}.Release|Any CPU.ActiveCfg = Release|Any CPU
		{D0DBD8E5-00FC-4275-A4A5-F92DFFBA9C3B}.Release|Any CPU.Build.0 = Release|Any CPU
		{A87CEAF3-9A56-4544-90AE-062EEFA78489}.Debug|Any CPU.ActiveCfg = Debug|Any CPU
		{A87CEAF3-9A56-4544-90AE-062EEFA78489}.Debug|Any CPU.Build.0 = Debug|Any CPU
		{A87CEAF3-9A56-4544-90AE-062EEFA78489}.Release|Any CPU.ActiveCfg = Release|Any CPU
		{A87CEAF3-9A56-4544-90AE-062EEFA78489}.Release|Any CPU.Build.0 = Release|Any CPU
	EndGlobalSection
	GlobalSection(SolutionProperties) = preSolution
		HideSolutionNode = FALSE
	EndGlobalSection
	GlobalSection(ExtensibilityGlobals) = postSolution
		SolutionGuid = {ADD6960A-4FC8-4200-8615-F7AB341697BE}
	EndGlobalSection
EndGlobal
